$begin 'ConnectionParameters'
	DesktopProcessID=8580
	DesktopProcessPath='E:\\INApps\\AnsysEM\\v242\\Win64\\ansysedt.exe'
	LaunchedByWB=false
	GRPCPort=0
	$begin 'DesktopStubBlock'
		$begin 'CommDetails'
			TransportType=1
			IPAddress='192.168.26.108'
			ListenPort='56432'
		$end 'CommDetails'
		$begin 'Marshall'
			InstanceID=503
			ProcID=8580
			InterfaceID=1
			FactoryIntID='DesktopInterfaceForWBProxyStubFactory'
		$end 'Marshall'
	$end 'DesktopStubBlock'
	$begin 'DesktopBackgroundObjStubBlock'
		$begin 'CommDetails'
			TransportType=1
			IPAddress='192.168.26.108'
			ListenPort='56432'
		$end 'CommDetails'
		$begin 'Marshall'
			InstanceID=505
			ProcID=8580
			InterfaceID=2
			FactoryIntID='DesktopInterfaceForWBProxyStubFactory'
		$end 'Marshall'
	$end 'DesktopBackgroundObjStubBlock'
	$begin 'WebClientBlock'
		Url='http://chw:27868/?server=ws://chw:27356&token=f2ad2912-e105-3402-f711-6b4415330926&startTab=monitor/graph'
		SecureUrl='https://chw:28124/?server=wss://chw:27612&token=f2ad2912-e105-3402-f711-6b4415330926&startTab=monitor/graph'
		WsHost='chw'
		WsPort=27356
		WssPort=27612
		Token='f2ad2912-e105-3402-f711-6b4415330926'
	$end 'WebClientBlock'
$end 'ConnectionParameters'
