$begin 'ConnectionParameters'
	DesktopProcessID=40168
	DesktopProcessPath='E:\\INApps\\AnsysEM\\v242\\Win64\\ansysedt.exe'
	LaunchedByWB=false
	GRPCPort=57677
	$begin 'DesktopStubBlock'
		$begin 'CommDetails'
			TransportType=1
			IPAddress='10.13.69.196'
			ListenPort='57691'
		$end 'CommDetails'
		$begin 'Marshall'
			InstanceID=503
			ProcID=40168
			InterfaceID=1
			FactoryIntID='DesktopInterfaceForWBProxyStubFactory'
		$end 'Marshall'
	$end 'DesktopStubBlock'
	$begin 'DesktopBackgroundObjStubBlock'
		$begin 'CommDetails'
			TransportType=1
			IPAddress='10.13.69.196'
			ListenPort='57691'
		$end 'CommDetails'
		$begin 'Marshall'
			InstanceID=505
			ProcID=40168
			InterfaceID=2
			FactoryIntID='DesktopInterfaceForWBProxyStubFactory'
		$end 'Marshall'
	$end 'DesktopBackgroundObjStubBlock'
	$begin 'WebClientBlock'
		Url='http://chw:20961/?server=ws://chw:20449&token=4f2c9b10-dc56-df40-666a-8b269d68a3e8&startTab=monitor/graph'
		SecureUrl='https://chw:21217/?server=wss://chw:20705&token=4f2c9b10-dc56-df40-666a-8b269d68a3e8&startTab=monitor/graph'
		WsHost='chw'
		WsPort=20449
		WssPort=20705
		Token='4f2c9b10-dc56-df40-666a-8b269d68a3e8'
	$end 'WebClientBlock'
$end 'ConnectionParameters'
